
Microsoft Visual Studio Solution File, Format Version 12.00
# Visual Studio Version 16
VisualStudioVersion = 16.0.30114.105
MinimumVisualStudioVersion = 10.0.40219.1
Project("{2150E333-8FDC-42A3-9474-1A3956D46DE8}") = "src", "src", "{B66042F8-38C4-4CB2-A952-988446140051}"
EndProject
Project("{FAE04EC0-301F-11D3-BF4B-00C04F79EFBC}") = "Presentation", "src\Presentation\Presentation.csproj", "{BFB74BE4-C72E-4BF5-BB80-A0661C307E5D}"
EndProject
Project("{FAE04EC0-301F-11D3-BF4B-00C04F79EFBC}") = "Application", "src\Application\Application.csproj", "{0C2FA03C-26B8-44BC-8026-D8F7799C2ECF}"
EndProject
Project("{FAE04EC0-301F-11D3-BF4B-00C04F79EFBC}") = "Domain", "src\Domain\Domain.csproj", "{E21D70C0-C9CC-4E63-8718-84A8C6D5560B}"
EndProject
Project("{2150E333-8FDC-42A3-9474-1A3956D46DE8}") = "test", "test", "{07C89FA0-C9A4-4CB6-B122-A8A1C90E4170}"
EndProject
Project("{FAE04EC0-301F-11D3-BF4B-00C04F79EFBC}") = "Presentation.Test", "test\Presentation.Test\Presentation.Test.csproj", "{4532DBF3-3751-4EFF-8C20-3ACC950EDDF4}"
EndProject
Project("{FAE04EC0-301F-11D3-BF4B-00C04F79EFBC}") = "Application.Test", "test\Application.Test\Application.Test.csproj", "{9C1A9AE2-020A-4A82-9F7D-3DE20F2BAFEE}"
EndProject
Project("{FAE04EC0-301F-11D3-BF4B-00C04F79EFBC}") = "Infrastructure.Test", "test\Infrastructure.Test\Infrastructure.Test.csproj", "{0F9E535B-71AF-4C95-B8C6-D4D840560C77}"
EndProject
Project("{FAE04EC0-301F-11D3-BF4B-00C04F79EFBC}") = "Infrastructure", "src\Infrastructure\Infrastructure.csproj", "{36B17A87-6742-4EA5-8F90-12F5DE2E4591}"
EndProject
Global
	GlobalSection(SolutionConfigurationPlatforms) = preSolution
		Debug|Any CPU = Debug|Any CPU
		Debug|x64 = Debug|x64
		Debug|x86 = Debug|x86
		Release|Any CPU = Release|Any CPU
		Release|x64 = Release|x64
		Release|x86 = Release|x86
	EndGlobalSection
	GlobalSection(SolutionProperties) = preSolution
		HideSolutionNode = FALSE
	EndGlobalSection
	GlobalSection(ProjectConfigurationPlatforms) = postSolution
		{BFB74BE4-C72E-4BF5-BB80-A0661C307E5D}.Debug|Any CPU.ActiveCfg = Debug|Any CPU
		{BFB74BE4-C72E-4BF5-BB80-A0661C307E5D}.Debug|Any CPU.Build.0 = Debug|Any CPU
		{BFB74BE4-C72E-4BF5-BB80-A0661C307E5D}.Debug|x64.ActiveCfg = Debug|Any CPU
		{BFB74BE4-C72E-4BF5-BB80-A0661C307E5D}.Debug|x64.Build.0 = Debug|Any CPU
		{BFB74BE4-C72E-4BF5-BB80-A0661C307E5D}.Debug|x86.ActiveCfg = Debug|Any CPU
		{BFB74BE4-C72E-4BF5-BB80-A0661C307E5D}.Debug|x86.Build.0 = Debug|Any CPU
		{BFB74BE4-C72E-4BF5-BB80-A0661C307E5D}.Release|Any CPU.ActiveCfg = Release|Any CPU
		{BFB74BE4-C72E-4BF5-BB80-A0661C307E5D}.Release|Any CPU.Build.0 = Release|Any CPU
		{BFB74BE4-C72E-4BF5-BB80-A0661C307E5D}.Release|x64.ActiveCfg = Release|Any CPU
		{BFB74BE4-C72E-4BF5-BB80-A0661C307E5D}.Release|x64.Build.0 = Release|Any CPU
		{BFB74BE4-C72E-4BF5-BB80-A0661C307E5D}.Release|x86.ActiveCfg = Release|Any CPU
		{BFB74BE4-C72E-4BF5-BB80-A0661C307E5D}.Release|x86.Build.0 = Release|Any CPU
		{0C2FA03C-26B8-44BC-8026-D8F7799C2ECF}.Debug|Any CPU.ActiveCfg = Debug|Any CPU
		{0C2FA03C-26B8-44BC-8026-D8F7799C2ECF}.Debug|Any CPU.Build.0 = Debug|Any CPU
		{0C2FA03C-26B8-44BC-8026-D8F7799C2ECF}.Debug|x64.ActiveCfg = Debug|Any CPU
		{0C2FA03C-26B8-44BC-8026-D8F7799C2ECF}.Debug|x64.Build.0 = Debug|Any CPU
		{0C2FA03C-26B8-44BC-8026-D8F7799C2ECF}.Debug|x86.ActiveCfg = Debug|Any CPU
		{0C2FA03C-26B8-44BC-8026-D8F7799C2ECF}.Debug|x86.Build.0 = Debug|Any CPU
		{0C2FA03C-26B8-44BC-8026-D8F7799C2ECF}.Release|Any CPU.ActiveCfg = Release|Any CPU
		{0C2FA03C-26B8-44BC-8026-D8F7799C2ECF}.Release|Any CPU.Build.0 = Release|Any CPU
		{0C2FA03C-26B8-44BC-8026-D8F7799C2ECF}.Release|x64.ActiveCfg = Release|Any CPU
		{0C2FA03C-26B8-44BC-8026-D8F7799C2ECF}.Release|x64.Build.0 = Release|Any CPU
		{0C2FA03C-26B8-44BC-8026-D8F7799C2ECF}.Release|x86.ActiveCfg = Release|Any CPU
		{0C2FA03C-26B8-44BC-8026-D8F7799C2ECF}.Release|x86.Build.0 = Release|Any CPU
		{E21D70C0-C9CC-4E63-8718-84A8C6D5560B}.Debug|Any CPU.ActiveCfg = Debug|Any CPU
		{E21D70C0-C9CC-4E63-8718-84A8C6D5560B}.Debug|Any CPU.Build.0 = Debug|Any CPU
		{E21D70C0-C9CC-4E63-8718-84A8C6D5560B}.Debug|x64.ActiveCfg = Debug|Any CPU
		{E21D70C0-C9CC-4E63-8718-84A8C6D5560B}.Debug|x64.Build.0 = Debug|Any CPU
		{E21D70C0-C9CC-4E63-8718-84A8C6D5560B}.Debug|x86.ActiveCfg = Debug|Any CPU
		{E21D70C0-C9CC-4E63-8718-84A8C6D5560B}.Debug|x86.Build.0 = Debug|Any CPU
		{E21D70C0-C9CC-4E63-8718-84A8C6D5560B}.Release|Any CPU.ActiveCfg = Release|Any CPU
		{E21D70C0-C9CC-4E63-8718-84A8C6D5560B}.Release|Any CPU.Build.0 = Release|Any CPU
		{E21D70C0-C9CC-4E63-8718-84A8C6D5560B}.Release|x64.ActiveCfg = Release|Any CPU
		{E21D70C0-C9CC-4E63-8718-84A8C6D5560B}.Release|x64.Build.0 = Release|Any CPU
		{E21D70C0-C9CC-4E63-8718-84A8C6D5560B}.Release|x86.ActiveCfg = Release|Any CPU
		{E21D70C0-C9CC-4E63-8718-84A8C6D5560B}.Release|x86.Build.0 = Release|Any CPU
		{4532DBF3-3751-4EFF-8C20-3ACC950EDDF4}.Debug|Any CPU.ActiveCfg = Debug|Any CPU
		{4532DBF3-3751-4EFF-8C20-3ACC950EDDF4}.Debug|Any CPU.Build.0 = Debug|Any CPU
		{4532DBF3-3751-4EFF-8C20-3ACC950EDDF4}.Debug|x64.ActiveCfg = Debug|Any CPU
		{4532DBF3-3751-4EFF-8C20-3ACC950EDDF4}.Debug|x64.Build.0 = Debug|Any CPU
		{4532DBF3-3751-4EFF-8C20-3ACC950EDDF4}.Debug|x86.ActiveCfg = Debug|Any CPU
		{4532DBF3-3751-4EFF-8C20-3ACC950EDDF4}.Debug|x86.Build.0 = Debug|Any CPU
		{4532DBF3-3751-4EFF-8C20-3ACC950EDDF4}.Release|Any CPU.ActiveCfg = Release|Any CPU
		{4532DBF3-3751-4EFF-8C20-3ACC950EDDF4}.Release|Any CPU.Build.0 = Release|Any CPU
		{4532DBF3-3751-4EFF-8C20-3ACC950EDDF4}.Release|x64.ActiveCfg = Release|Any CPU
		{4532DBF3-3751-4EFF-8C20-3ACC950EDDF4}.Release|x64.Build.0 = Release|Any CPU
		{4532DBF3-3751-4EFF-8C20-3ACC950EDDF4}.Release|x86.ActiveCfg = Release|Any CPU
		{4532DBF3-3751-4EFF-8C20-3ACC950EDDF4}.Release|x86.Build.0 = Release|Any CPU
		{9C1A9AE2-020A-4A82-9F7D-3DE20F2BAFEE}.Debug|Any CPU.ActiveCfg = Debug|Any CPU
		{9C1A9AE2-020A-4A82-9F7D-3DE20F2BAFEE}.Debug|Any CPU.Build.0 = Debug|Any CPU
		{9C1A9AE2-020A-4A82-9F7D-3DE20F2BAFEE}.Debug|x64.ActiveCfg = Debug|Any CPU
		{9C1A9AE2-020A-4A82-9F7D-3DE20F2BAFEE}.Debug|x64.Build.0 = Debug|Any CPU
		{9C1A9AE2-020A-4A82-9F7D-3DE20F2BAFEE}.Debug|x86.ActiveCfg = Debug|Any CPU
		{9C1A9AE2-020A-4A82-9F7D-3DE20F2BAFEE}.Debug|x86.Build.0 = Debug|Any CPU
		{9C1A9AE2-020A-4A82-9F7D-3DE20F2BAFEE}.Release|Any CPU.ActiveCfg = Release|Any CPU
		{9C1A9AE2-020A-4A82-9F7D-3DE20F2BAFEE}.Release|Any CPU.Build.0 = Release|Any CPU
		{9C1A9AE2-020A-4A82-9F7D-3DE20F2BAFEE}.Release|x64.ActiveCfg = Release|Any CPU
		{9C1A9AE2-020A-4A82-9F7D-3DE20F2BAFEE}.Release|x64.Build.0 = Release|Any CPU
		{9C1A9AE2-020A-4A82-9F7D-3DE20F2BAFEE}.Release|x86.ActiveCfg = Release|Any CPU
		{9C1A9AE2-020A-4A82-9F7D-3DE20F2BAFEE}.Release|x86.Build.0 = Release|Any CPU
		{0F9E535B-71AF-4C95-B8C6-D4D840560C77}.Debug|Any CPU.ActiveCfg = Debug|Any CPU
		{0F9E535B-71AF-4C95-B8C6-D4D840560C77}.Debug|Any CPU.Build.0 = Debug|Any CPU
		{0F9E535B-71AF-4C95-B8C6-D4D840560C77}.Debug|x64.ActiveCfg = Debug|Any CPU
		{0F9E535B-71AF-4C95-B8C6-D4D840560C77}.Debug|x64.Build.0 = Debug|Any CPU
		{0F9E535B-71AF-4C95-B8C6-D4D840560C77}.Debug|x86.ActiveCfg = Debug|Any CPU
		{0F9E535B-71AF-4C95-B8C6-D4D840560C77}.Debug|x86.Build.0 = Debug|Any CPU
		{0F9E535B-71AF-4C95-B8C6-D4D840560C77}.Release|Any CPU.ActiveCfg = Release|Any CPU
		{0F9E535B-71AF-4C95-B8C6-D4D840560C77}.Release|Any CPU.Build.0 = Release|Any CPU
		{0F9E535B-71AF-4C95-B8C6-D4D840560C77}.Release|x64.ActiveCfg = Release|Any CPU
		{0F9E535B-71AF-4C95-B8C6-D4D840560C77}.Release|x64.Build.0 = Release|Any CPU
		{0F9E535B-71AF-4C95-B8C6-D4D840560C77}.Release|x86.ActiveCfg = Release|Any CPU
		{0F9E535B-71AF-4C95-B8C6-D4D840560C77}.Release|x86.Build.0 = Release|Any CPU
		{36B17A87-6742-4EA5-8F90-12F5DE2E4591}.Debug|Any CPU.ActiveCfg = Debug|Any CPU
		{36B17A87-6742-4EA5-8F90-12F5DE2E4591}.Debug|Any CPU.Build.0 = Debug|Any CPU
		{36B17A87-6742-4EA5-8F90-12F5DE2E4591}.Debug|x64.ActiveCfg = Debug|Any CPU
		{36B17A87-6742-4EA5-8F90-12F5DE2E4591}.Debug|x64.Build.0 = Debug|Any CPU
		{36B17A87-6742-4EA5-8F90-12F5DE2E4591}.Debug|x86.ActiveCfg = Debug|Any CPU
		{36B17A87-6742-4EA5-8F90-12F5DE2E4591}.Debug|x86.Build.0 = Debug|Any CPU
		{36B17A87-6742-4EA5-8F90-12F5DE2E4591}.Release|Any CPU.ActiveCfg = Release|Any CPU
		{36B17A87-6742-4EA5-8F90-12F5DE2E4591}.Release|Any CPU.Build.0 = Release|Any CPU
		{36B17A87-6742-4EA5-8F90-12F5DE2E4591}.Release|x64.ActiveCfg = Release|Any CPU
		{36B17A87-6742-4EA5-8F90-12F5DE2E4591}.Release|x64.Build.0 = Release|Any CPU
		{36B17A87-6742-4EA5-8F90-12F5DE2E4591}.Release|x86.ActiveCfg = Release|Any CPU
		{36B17A87-6742-4EA5-8F90-12F5DE2E4591}.Release|x86.Build.0 = Release|Any CPU
	EndGlobalSection
	GlobalSection(NestedProjects) = preSolution
		{BFB74BE4-C72E-4BF5-BB80-A0661C307E5D} = {B66042F8-38C4-4CB2-A952-988446140051}
		{0C2FA03C-26B8-44BC-8026-D8F7799C2ECF} = {B66042F8-38C4-4CB2-A952-988446140051}
		{E21D70C0-C9CC-4E63-8718-84A8C6D5560B} = {B66042F8-38C4-4CB2-A952-988446140051}
		{4532DBF3-3751-4EFF-8C20-3ACC950EDDF4} = {07C89FA0-C9A4-4CB6-B122-A8A1C90E4170}
		{9C1A9AE2-020A-4A82-9F7D-3DE20F2BAFEE} = {07C89FA0-C9A4-4CB6-B122-A8A1C90E4170}
		{0F9E535B-71AF-4C95-B8C6-D4D840560C77} = {07C89FA0-C9A4-4CB6-B122-A8A1C90E4170}
		{36B17A87-6742-4EA5-8F90-12F5DE2E4591} = {B66042F8-38C4-4CB2-A952-988446140051}
	EndGlobalSection
EndGlobal
