
Microsoft Visual Studio Solution File, Format Version 12.00
# Visual Studio Version 16
VisualStudioVersion = 16.6.30114.105
MinimumVisualStudioVersion = 10.0.40219.1
Project("{2150E333-8FDC-42A3-9474-1A3956D46DE8}") = "src", "src", "{66CA055F-DB74-429D-BDB9-AA8BED2DAB08}"
EndProject
Project("{FAE04EC0-301F-11D3-BF4B-00C04F79EFBC}") = "Sample.Client", "src\Client\Sample.Client.csproj", "{B70AC7CA-0B92-419E-BAEA-530E881F83C2}"
EndProject
Project("{FAE04EC0-301F-11D3-BF4B-00C04F79EFBC}") = "Sample.Domain", "src\Domain\Sample.Domain.csproj", "{5A2F3FD5-E74B-46EA-A0D0-EA8E15E7C844}"
EndProject
Project("{FAE04EC0-301F-11D3-BF4B-00C04F79EFBC}") = "Sample.Application", "src\Application\Sample.Application.csproj", "{5EEA3221-4466-4162-A864-10A1C81883B5}"
EndProject
Project("{FAE04EC0-301F-11D3-BF4B-00C04F79EFBC}") = "Sample.Processor", "src\Processor\Sample.Processor.csproj", "{AFF95A04-DF1A-4128-BB0A-C3CB157983C7}"
EndProject
Project("{2150E333-8FDC-42A3-9474-1A3956D46DE8}") = "test", "test", "{8AE3164A-2CE2-480E-96DD-0751AB389663}"
EndProject
Project("{FAE04EC0-301F-11D3-BF4B-00C04F79EFBC}") = "Sample.Client.Test", "test\Client.Test\Sample.Client.Test.csproj", "{8ED6E06E-CF0A-4467-B6EC-13923CDFE984}"
EndProject
Project("{FAE04EC0-301F-11D3-BF4B-00C04F79EFBC}") = "Sample.Domain.Test", "test\Domain.Test\Sample.Domain.Test.csproj", "{4F625422-C816-4062-8B1D-5612C799A775}"
EndProject
Project("{FAE04EC0-301F-11D3-BF4B-00C04F79EFBC}") = "Sample.Handler.Test", "test\Handler.Test\Sample.Handler.Test.csproj", "{6CAEF126-5DF8-4F1B-9821-F0DB7A5FE9F5}"
EndProject
Project("{FAE04EC0-301F-11D3-BF4B-00C04F79EFBC}") = "Sample.Processor.Test", "test\Processor.Test\Sample.Processor.Test.csproj", "{67DED9BF-A317-438C-BD8A-5E3F3AEA190B}"
EndProject
Global
	GlobalSection(SolutionConfigurationPlatforms) = preSolution
		Debug|Any CPU = Debug|Any CPU
		Debug|x64 = Debug|x64
		Debug|x86 = Debug|x86
		Release|Any CPU = Release|Any CPU
		Release|x64 = Release|x64
		Release|x86 = Release|x86
	EndGlobalSection
	GlobalSection(SolutionProperties) = preSolution
		HideSolutionNode = FALSE
	EndGlobalSection
	GlobalSection(ProjectConfigurationPlatforms) = postSolution
		{B70AC7CA-0B92-419E-BAEA-530E881F83C2}.Debug|Any CPU.ActiveCfg = Debug|Any CPU
		{B70AC7CA-0B92-419E-BAEA-530E881F83C2}.Debug|Any CPU.Build.0 = Debug|Any CPU
		{B70AC7CA-0B92-419E-BAEA-530E881F83C2}.Debug|x64.ActiveCfg = Debug|Any CPU
		{B70AC7CA-0B92-419E-BAEA-530E881F83C2}.Debug|x64.Build.0 = Debug|Any CPU
		{B70AC7CA-0B92-419E-BAEA-530E881F83C2}.Debug|x86.ActiveCfg = Debug|Any CPU
		{B70AC7CA-0B92-419E-BAEA-530E881F83C2}.Debug|x86.Build.0 = Debug|Any CPU
		{B70AC7CA-0B92-419E-BAEA-530E881F83C2}.Release|Any CPU.ActiveCfg = Release|Any CPU
		{B70AC7CA-0B92-419E-BAEA-530E881F83C2}.Release|Any CPU.Build.0 = Release|Any CPU
		{B70AC7CA-0B92-419E-BAEA-530E881F83C2}.Release|x64.ActiveCfg = Release|Any CPU
		{B70AC7CA-0B92-419E-BAEA-530E881F83C2}.Release|x64.Build.0 = Release|Any CPU
		{B70AC7CA-0B92-419E-BAEA-530E881F83C2}.Release|x86.ActiveCfg = Release|Any CPU
		{B70AC7CA-0B92-419E-BAEA-530E881F83C2}.Release|x86.Build.0 = Release|Any CPU
		{5A2F3FD5-E74B-46EA-A0D0-EA8E15E7C844}.Debug|Any CPU.ActiveCfg = Debug|Any CPU
		{5A2F3FD5-E74B-46EA-A0D0-EA8E15E7C844}.Debug|Any CPU.Build.0 = Debug|Any CPU
		{5A2F3FD5-E74B-46EA-A0D0-EA8E15E7C844}.Debug|x64.ActiveCfg = Debug|Any CPU
		{5A2F3FD5-E74B-46EA-A0D0-EA8E15E7C844}.Debug|x64.Build.0 = Debug|Any CPU
		{5A2F3FD5-E74B-46EA-A0D0-EA8E15E7C844}.Debug|x86.ActiveCfg = Debug|Any CPU
		{5A2F3FD5-E74B-46EA-A0D0-EA8E15E7C844}.Debug|x86.Build.0 = Debug|Any CPU
		{5A2F3FD5-E74B-46EA-A0D0-EA8E15E7C844}.Release|Any CPU.ActiveCfg = Release|Any CPU
		{5A2F3FD5-E74B-46EA-A0D0-EA8E15E7C844}.Release|Any CPU.Build.0 = Release|Any CPU
		{5A2F3FD5-E74B-46EA-A0D0-EA8E15E7C844}.Release|x64.ActiveCfg = Release|Any CPU
		{5A2F3FD5-E74B-46EA-A0D0-EA8E15E7C844}.Release|x64.Build.0 = Release|Any CPU
		{5A2F3FD5-E74B-46EA-A0D0-EA8E15E7C844}.Release|x86.ActiveCfg = Release|Any CPU
		{5A2F3FD5-E74B-46EA-A0D0-EA8E15E7C844}.Release|x86.Build.0 = Release|Any CPU
		{5EEA3221-4466-4162-A864-10A1C81883B5}.Debug|Any CPU.ActiveCfg = Debug|Any CPU
		{5EEA3221-4466-4162-A864-10A1C81883B5}.Debug|Any CPU.Build.0 = Debug|Any CPU
		{5EEA3221-4466-4162-A864-10A1C81883B5}.Debug|x64.ActiveCfg = Debug|Any CPU
		{5EEA3221-4466-4162-A864-10A1C81883B5}.Debug|x64.Build.0 = Debug|Any CPU
		{5EEA3221-4466-4162-A864-10A1C81883B5}.Debug|x86.ActiveCfg = Debug|Any CPU
		{5EEA3221-4466-4162-A864-10A1C81883B5}.Debug|x86.Build.0 = Debug|Any CPU
		{5EEA3221-4466-4162-A864-10A1C81883B5}.Release|Any CPU.ActiveCfg = Release|Any CPU
		{5EEA3221-4466-4162-A864-10A1C81883B5}.Release|Any CPU.Build.0 = Release|Any CPU
		{5EEA3221-4466-4162-A864-10A1C81883B5}.Release|x64.ActiveCfg = Release|Any CPU
		{5EEA3221-4466-4162-A864-10A1C81883B5}.Release|x64.Build.0 = Release|Any CPU
		{5EEA3221-4466-4162-A864-10A1C81883B5}.Release|x86.ActiveCfg = Release|Any CPU
		{5EEA3221-4466-4162-A864-10A1C81883B5}.Release|x86.Build.0 = Release|Any CPU
		{AFF95A04-DF1A-4128-BB0A-C3CB157983C7}.Debug|Any CPU.ActiveCfg = Debug|Any CPU
		{AFF95A04-DF1A-4128-BB0A-C3CB157983C7}.Debug|Any CPU.Build.0 = Debug|Any CPU
		{AFF95A04-DF1A-4128-BB0A-C3CB157983C7}.Debug|x64.ActiveCfg = Debug|Any CPU
		{AFF95A04-DF1A-4128-BB0A-C3CB157983C7}.Debug|x64.Build.0 = Debug|Any CPU
		{AFF95A04-DF1A-4128-BB0A-C3CB157983C7}.Debug|x86.ActiveCfg = Debug|Any CPU
		{AFF95A04-DF1A-4128-BB0A-C3CB157983C7}.Debug|x86.Build.0 = Debug|Any CPU
		{AFF95A04-DF1A-4128-BB0A-C3CB157983C7}.Release|Any CPU.ActiveCfg = Release|Any CPU
		{AFF95A04-DF1A-4128-BB0A-C3CB157983C7}.Release|Any CPU.Build.0 = Release|Any CPU
		{AFF95A04-DF1A-4128-BB0A-C3CB157983C7}.Release|x64.ActiveCfg = Release|Any CPU
		{AFF95A04-DF1A-4128-BB0A-C3CB157983C7}.Release|x64.Build.0 = Release|Any CPU
		{AFF95A04-DF1A-4128-BB0A-C3CB157983C7}.Release|x86.ActiveCfg = Release|Any CPU
		{AFF95A04-DF1A-4128-BB0A-C3CB157983C7}.Release|x86.Build.0 = Release|Any CPU
		{8ED6E06E-CF0A-4467-B6EC-13923CDFE984}.Debug|Any CPU.ActiveCfg = Debug|Any CPU
		{8ED6E06E-CF0A-4467-B6EC-13923CDFE984}.Debug|Any CPU.Build.0 = Debug|Any CPU
		{8ED6E06E-CF0A-4467-B6EC-13923CDFE984}.Debug|x64.ActiveCfg = Debug|Any CPU
		{8ED6E06E-CF0A-4467-B6EC-13923CDFE984}.Debug|x64.Build.0 = Debug|Any CPU
		{8ED6E06E-CF0A-4467-B6EC-13923CDFE984}.Debug|x86.ActiveCfg = Debug|Any CPU
		{8ED6E06E-CF0A-4467-B6EC-13923CDFE984}.Debug|x86.Build.0 = Debug|Any CPU
		{8ED6E06E-CF0A-4467-B6EC-13923CDFE984}.Release|Any CPU.ActiveCfg = Release|Any CPU
		{8ED6E06E-CF0A-4467-B6EC-13923CDFE984}.Release|Any CPU.Build.0 = Release|Any CPU
		{8ED6E06E-CF0A-4467-B6EC-13923CDFE984}.Release|x64.ActiveCfg = Release|Any CPU
		{8ED6E06E-CF0A-4467-B6EC-13923CDFE984}.Release|x64.Build.0 = Release|Any CPU
		{8ED6E06E-CF0A-4467-B6EC-13923CDFE984}.Release|x86.ActiveCfg = Release|Any CPU
		{8ED6E06E-CF0A-4467-B6EC-13923CDFE984}.Release|x86.Build.0 = Release|Any CPU
		{4F625422-C816-4062-8B1D-5612C799A775}.Debug|Any CPU.ActiveCfg = Debug|Any CPU
		{4F625422-C816-4062-8B1D-5612C799A775}.Debug|Any CPU.Build.0 = Debug|Any CPU
		{4F625422-C816-4062-8B1D-5612C799A775}.Debug|x64.ActiveCfg = Debug|Any CPU
		{4F625422-C816-4062-8B1D-5612C799A775}.Debug|x64.Build.0 = Debug|Any CPU
		{4F625422-C816-4062-8B1D-5612C799A775}.Debug|x86.ActiveCfg = Debug|Any CPU
		{4F625422-C816-4062-8B1D-5612C799A775}.Debug|x86.Build.0 = Debug|Any CPU
		{4F625422-C816-4062-8B1D-5612C799A775}.Release|Any CPU.ActiveCfg = Release|Any CPU
		{4F625422-C816-4062-8B1D-5612C799A775}.Release|Any CPU.Build.0 = Release|Any CPU
		{4F625422-C816-4062-8B1D-5612C799A775}.Release|x64.ActiveCfg = Release|Any CPU
		{4F625422-C816-4062-8B1D-5612C799A775}.Release|x64.Build.0 = Release|Any CPU
		{4F625422-C816-4062-8B1D-5612C799A775}.Release|x86.ActiveCfg = Release|Any CPU
		{4F625422-C816-4062-8B1D-5612C799A775}.Release|x86.Build.0 = Release|Any CPU
		{6CAEF126-5DF8-4F1B-9821-F0DB7A5FE9F5}.Debug|Any CPU.ActiveCfg = Debug|Any CPU
		{6CAEF126-5DF8-4F1B-9821-F0DB7A5FE9F5}.Debug|Any CPU.Build.0 = Debug|Any CPU
		{6CAEF126-5DF8-4F1B-9821-F0DB7A5FE9F5}.Debug|x64.ActiveCfg = Debug|Any CPU
		{6CAEF126-5DF8-4F1B-9821-F0DB7A5FE9F5}.Debug|x64.Build.0 = Debug|Any CPU
		{6CAEF126-5DF8-4F1B-9821-F0DB7A5FE9F5}.Debug|x86.ActiveCfg = Debug|Any CPU
		{6CAEF126-5DF8-4F1B-9821-F0DB7A5FE9F5}.Debug|x86.Build.0 = Debug|Any CPU
		{6CAEF126-5DF8-4F1B-9821-F0DB7A5FE9F5}.Release|Any CPU.ActiveCfg = Release|Any CPU
		{6CAEF126-5DF8-4F1B-9821-F0DB7A5FE9F5}.Release|Any CPU.Build.0 = Release|Any CPU
		{6CAEF126-5DF8-4F1B-9821-F0DB7A5FE9F5}.Release|x64.ActiveCfg = Release|Any CPU
		{6CAEF126-5DF8-4F1B-9821-F0DB7A5FE9F5}.Release|x64.Build.0 = Release|Any CPU
		{6CAEF126-5DF8-4F1B-9821-F0DB7A5FE9F5}.Release|x86.ActiveCfg = Release|Any CPU
		{6CAEF126-5DF8-4F1B-9821-F0DB7A5FE9F5}.Release|x86.Build.0 = Release|Any CPU
		{67DED9BF-A317-438C-BD8A-5E3F3AEA190B}.Debug|Any CPU.ActiveCfg = Debug|Any CPU
		{67DED9BF-A317-438C-BD8A-5E3F3AEA190B}.Debug|Any CPU.Build.0 = Debug|Any CPU
		{67DED9BF-A317-438C-BD8A-5E3F3AEA190B}.Debug|x64.ActiveCfg = Debug|Any CPU
		{67DED9BF-A317-438C-BD8A-5E3F3AEA190B}.Debug|x64.Build.0 = Debug|Any CPU
		{67DED9BF-A317-438C-BD8A-5E3F3AEA190B}.Debug|x86.ActiveCfg = Debug|Any CPU
		{67DED9BF-A317-438C-BD8A-5E3F3AEA190B}.Debug|x86.Build.0 = Debug|Any CPU
		{67DED9BF-A317-438C-BD8A-5E3F3AEA190B}.Release|Any CPU.ActiveCfg = Release|Any CPU
		{67DED9BF-A317-438C-BD8A-5E3F3AEA190B}.Release|Any CPU.Build.0 = Release|Any CPU
		{67DED9BF-A317-438C-BD8A-5E3F3AEA190B}.Release|x64.ActiveCfg = Release|Any CPU
		{67DED9BF-A317-438C-BD8A-5E3F3AEA190B}.Release|x64.Build.0 = Release|Any CPU
		{67DED9BF-A317-438C-BD8A-5E3F3AEA190B}.Release|x86.ActiveCfg = Release|Any CPU
		{67DED9BF-A317-438C-BD8A-5E3F3AEA190B}.Release|x86.Build.0 = Release|Any CPU
	EndGlobalSection
	GlobalSection(NestedProjects) = preSolution
		{B70AC7CA-0B92-419E-BAEA-530E881F83C2} = {66CA055F-DB74-429D-BDB9-AA8BED2DAB08}
		{5A2F3FD5-E74B-46EA-A0D0-EA8E15E7C844} = {66CA055F-DB74-429D-BDB9-AA8BED2DAB08}
		{5EEA3221-4466-4162-A864-10A1C81883B5} = {66CA055F-DB74-429D-BDB9-AA8BED2DAB08}
		{AFF95A04-DF1A-4128-BB0A-C3CB157983C7} = {66CA055F-DB74-429D-BDB9-AA8BED2DAB08}
		{8ED6E06E-CF0A-4467-B6EC-13923CDFE984} = {8AE3164A-2CE2-480E-96DD-0751AB389663}
		{4F625422-C816-4062-8B1D-5612C799A775} = {8AE3164A-2CE2-480E-96DD-0751AB389663}
		{6CAEF126-5DF8-4F1B-9821-F0DB7A5FE9F5} = {8AE3164A-2CE2-480E-96DD-0751AB389663}
		{67DED9BF-A317-438C-BD8A-5E3F3AEA190B} = {8AE3164A-2CE2-480E-96DD-0751AB389663}
	EndGlobalSection
EndGlobal
